
Microsoft Visual Studio Solution File, Format Version 12.00
# Visual Studio 2013
VisualStudioVersion = 12.0.30501.0
MinimumVisualStudioVersion = 10.0.40219.1
Project("{8BC9CEB8-8B4A-11D0-8D11-00A0C91BC942}") = "raytracing", "raytracing\raytracing.vcxproj", "{0F66B258-21CC-418F-A8B3-CFCC132CC1B7}"
EndProject
Global
	GlobalSection(SolutionConfigurationPlatforms) = preSolution
		Debug_breakpoint|Win32 = Debug_breakpoint|Win32
		Fast_raytracer|Win32 = Fast_raytracer|Win32
		Release|Win32 = Release|Win32
	EndGlobalSection
	GlobalSection(ProjectConfigurationPlatforms) = postSolution
		{0F66B258-21CC-418F-A8B3-CFCC132CC1B7}.Debug_breakpoint|Win32.ActiveCfg = Debug_breakpoint|Win32
		{0F66B258-21CC-418F-A8B3-CFCC132CC1B7}.Debug_breakpoint|Win32.Build.0 = Debug_breakpoint|Win32
		{0F66B258-21CC-418F-A8B3-CFCC132CC1B7}.Fast_raytracer|Win32.ActiveCfg = Debug|Win32
		{0F66B258-21CC-418F-A8B3-CFCC132CC1B7}.Fast_raytracer|Win32.Build.0 = Debug|Win32
		{0F66B258-21CC-418F-A8B3-CFCC132CC1B7}.Release|Win32.ActiveCfg = Release|Win32
		{0F66B258-21CC-418F-A8B3-CFCC132CC1B7}.Release|Win32.Build.0 = Release|Win32
	EndGlobalSection
	GlobalSection(SolutionProperties) = preSolution
		HideSolutionNode = FALSE
	EndGlobalSection
EndGlobal
